
Microsoft Visual Studio Solution File, Format Version 12.00
# Visual Studio Version 17
VisualStudioVersion = 17.5.33530.505
MinimumVisualStudioVersion = 10.0.40219.1
Project("{9A19103F-16F7-4668-BE54-9A1E7A4F7556}") = "PizzaMaster.WebAPI", "PizzaMaster.WebAPI\PizzaMaster.WebAPI.csproj", "{B63BCD5D-9ECD-4FA2-9391-E25AEC2CD3C4}"
EndProject
Project("{FAE04EC0-301F-11D3-BF4B-00C04F79EFBC}") = "PizzaMaster.Models", "PizzaMaster.Models\PizzaMaster.Models.csproj", "{2DD71E77-046B-45A6-9DAF-80DC8091DC64}"
EndProject
Project("{FAE04EC0-301F-11D3-BF4B-00C04F79EFBC}") = "PizzaMaster.DatabaseAccess", "PizzaMaster.DatabaseAccess\PizzaMaster.DatabaseAccess.csproj", "{537A002C-3FE4-49CE-B466-94F04917F008}"
EndProject
Project("{FAE04EC0-301F-11D3-BF4B-00C04F79EFBC}") = "PizzaMaster.Utilities", "PizzaMaster.Utilities\PizzaMaster.Utilities.csproj", "{D5B71F90-FE7D-459E-84C8-678EF821E50E}"
EndProject
Project("{FAE04EC0-301F-11D3-BF4B-00C04F79EFBC}") = "PizzaMaster.BussinessLogic", "PizzaMaster.BussinessLogic\PizzaMaster.BussinessLogic.csproj", "{CE2AF2ED-BDC7-4FB6-82F4-CBEA1430655C}"
EndProject
Global
	GlobalSection(SolutionConfigurationPlatforms) = preSolution
		Debug|Any CPU = Debug|Any CPU
		Release|Any CPU = Release|Any CPU
	EndGlobalSection
	GlobalSection(ProjectConfigurationPlatforms) = postSolution
		{B63BCD5D-9ECD-4FA2-9391-E25AEC2CD3C4}.Debug|Any CPU.ActiveCfg = Debug|Any CPU
		{B63BCD5D-9ECD-4FA2-9391-E25AEC2CD3C4}.Debug|Any CPU.Build.0 = Debug|Any CPU
		{B63BCD5D-9ECD-4FA2-9391-E25AEC2CD3C4}.Release|Any CPU.ActiveCfg = Release|Any CPU
		{B63BCD5D-9ECD-4FA2-9391-E25AEC2CD3C4}.Release|Any CPU.Build.0 = Release|Any CPU
		{2DD71E77-046B-45A6-9DAF-80DC8091DC64}.Debug|Any CPU.ActiveCfg = Debug|Any CPU
		{2DD71E77-046B-45A6-9DAF-80DC8091DC64}.Debug|Any CPU.Build.0 = Debug|Any CPU
		{2DD71E77-046B-45A6-9DAF-80DC8091DC64}.Release|Any CPU.ActiveCfg = Release|Any CPU
		{2DD71E77-046B-45A6-9DAF-80DC8091DC64}.Release|Any CPU.Build.0 = Release|Any CPU
		{537A002C-3FE4-49CE-B466-94F04917F008}.Debug|Any CPU.ActiveCfg = Debug|Any CPU
		{537A002C-3FE4-49CE-B466-94F04917F008}.Debug|Any CPU.Build.0 = Debug|Any CPU
		{537A002C-3FE4-49CE-B466-94F04917F008}.Release|Any CPU.ActiveCfg = Release|Any CPU
		{537A002C-3FE4-49CE-B466-94F04917F008}.Release|Any CPU.Build.0 = Release|Any CPU
		{D5B71F90-FE7D-459E-84C8-678EF821E50E}.Debug|Any CPU.ActiveCfg = Debug|Any CPU
		{D5B71F90-FE7D-459E-84C8-678EF821E50E}.Debug|Any CPU.Build.0 = Debug|Any CPU
		{D5B71F90-FE7D-459E-84C8-678EF821E50E}.Release|Any CPU.ActiveCfg = Release|Any CPU
		{D5B71F90-FE7D-459E-84C8-678EF821E50E}.Release|Any CPU.Build.0 = Release|Any CPU
		{CE2AF2ED-BDC7-4FB6-82F4-CBEA1430655C}.Debug|Any CPU.ActiveCfg = Debug|Any CPU
		{CE2AF2ED-BDC7-4FB6-82F4-CBEA1430655C}.Debug|Any CPU.Build.0 = Debug|Any CPU
		{CE2AF2ED-BDC7-4FB6-82F4-CBEA1430655C}.Release|Any CPU.ActiveCfg = Release|Any CPU
		{CE2AF2ED-BDC7-4FB6-82F4-CBEA1430655C}.Release|Any CPU.Build.0 = Release|Any CPU
	EndGlobalSection
	GlobalSection(SolutionProperties) = preSolution
		HideSolutionNode = FALSE
	EndGlobalSection
	GlobalSection(ExtensibilityGlobals) = postSolution
		SolutionGuid = {F4B05897-6A9D-4E4C-B0DC-08F5C0203BE3}
	EndGlobalSection
EndGlobal
